
Microsoft Visual Studio Solution File, Format Version 12.00
# Visual Studio 14
VisualStudioVersion = 14.0.23107.0
MinimumVisualStudioVersion = 10.0.40219.1
Project("{8BC9CEB8-8B4A-11D0-8D11-00A0C91BC942}") = "kafka2redis", "libkafka\libkafka.vcxproj", "{CA1F5033-FBA1-4C74-9983-3E1BB1F2E579}"
EndProject
Project("{8BC9CEB8-8B4A-11D0-8D11-00A0C91BC942}") = "librdkafka", "..\librdkafka-0.9.1-wip1\win32\librdkafka.vcxproj", "{4BEBB59C-477B-4F7A-8AE8-4228D0861E54}"
EndProject
Global
	GlobalSection(SolutionConfigurationPlatforms) = preSolution
		Debug|x64 = Debug|x64
		Debug|x86 = Debug|x86
		Release|x64 = Release|x64
		Release|x86 = Release|x86
	EndGlobalSection
	GlobalSection(ProjectConfigurationPlatforms) = postSolution
		{CA1F5033-FBA1-4C74-9983-3E1BB1F2E579}.Debug|x64.ActiveCfg = Debug|x64
		{CA1F5033-FBA1-4C74-9983-3E1BB1F2E579}.Debug|x64.Build.0 = Debug|x64
		{CA1F5033-FBA1-4C74-9983-3E1BB1F2E579}.Debug|x86.ActiveCfg = Debug|Win32
		{CA1F5033-FBA1-4C74-9983-3E1BB1F2E579}.Debug|x86.Build.0 = Debug|Win32
		{CA1F5033-FBA1-4C74-9983-3E1BB1F2E579}.Release|x64.ActiveCfg = Release|x64
		{CA1F5033-FBA1-4C74-9983-3E1BB1F2E579}.Release|x64.Build.0 = Release|x64
		{CA1F5033-FBA1-4C74-9983-3E1BB1F2E579}.Release|x86.ActiveCfg = Release|Win32
		{CA1F5033-FBA1-4C74-9983-3E1BB1F2E579}.Release|x86.Build.0 = Release|Win32
		{4BEBB59C-477B-4F7A-8AE8-4228D0861E54}.Debug|x64.ActiveCfg = Debug|x64
		{4BEBB59C-477B-4F7A-8AE8-4228D0861E54}.Debug|x64.Build.0 = Debug|x64
		{4BEBB59C-477B-4F7A-8AE8-4228D0861E54}.Debug|x86.ActiveCfg = Debug|Win32
		{4BEBB59C-477B-4F7A-8AE8-4228D0861E54}.Debug|x86.Build.0 = Debug|Win32
		{4BEBB59C-477B-4F7A-8AE8-4228D0861E54}.Release|x64.ActiveCfg = Release|x64
		{4BEBB59C-477B-4F7A-8AE8-4228D0861E54}.Release|x64.Build.0 = Release|x64
		{4BEBB59C-477B-4F7A-8AE8-4228D0861E54}.Release|x86.ActiveCfg = Release|Win32
		{4BEBB59C-477B-4F7A-8AE8-4228D0861E54}.Release|x86.Build.0 = Release|Win32
	EndGlobalSection
	GlobalSection(SolutionProperties) = preSolution
		HideSolutionNode = FALSE
	EndGlobalSection
EndGlobal
